
Microsoft Visual Studio Solution File, Format Version 12.00
# Visual Studio Version 16
VisualStudioVersion = 16.0.31321.278
MinimumVisualStudioVersion = 10.0.40219.1
Project("{FAE04EC0-301F-11D3-BF4B-00C04F79EFBC}") = "Crud-Project", "Crud-Project.csproj", "{1BC7C021-F0C9-4F9C-A2C9-5E36E2935B97}"
EndProject
Global
	GlobalSection(SolutionConfigurationPlatforms) = preSolution
		Debug|Any CPU = Debug|Any CPU
		Release|Any CPU = Release|Any CPU
	EndGlobalSection
	GlobalSection(ProjectConfigurationPlatforms) = postSolution
		{1BC7C021-F0C9-4F9C-A2C9-5E36E2935B97}.Debug|Any CPU.ActiveCfg = Debug|Any CPU
		{1BC7C021-F0C9-4F9C-A2C9-5E36E2935B97}.Debug|Any CPU.Build.0 = Debug|Any CPU
		{1BC7C021-F0C9-4F9C-A2C9-5E36E2935B97}.Release|Any CPU.ActiveCfg = Release|Any CPU
		{1BC7C021-F0C9-4F9C-A2C9-5E36E2935B97}.Release|Any CPU.Build.0 = Release|Any CPU
	EndGlobalSection
	GlobalSection(SolutionProperties) = preSolution
		HideSolutionNode = FALSE
	EndGlobalSection
	GlobalSection(ExtensibilityGlobals) = postSolution
		SolutionGuid = {558FAFF6-E10F-4B07-BE03-2422D042D70A}
	EndGlobalSection
EndGlobal
